{
  "name": "AllowIt",
  "lockfileVersion": 3,
  "requires": true,
  "packages": {
    "": {
      "dependencies": {
        "@descope/web-js-sdk": "^1.13.1",
        "bootstrap": "^5.3.3"
      }
    },
    "node_modules/@descope/core-js-sdk": {
      "version": "2.20.0",
      "resolved": "https://registry.npmjs.org/@descope/core-js-sdk/-/core-js-sdk-2.20.0.tgz",
      "integrity": "sha512-LI0hlEkfnGZNIoXSmsoY21QtSdPxmMFDN35eMKrV0AMEX4vTQOnXZtChC/1eU3ZjjaM6gdpmucPutJDXo4aJ4g==",
      "license": "MIT",
      "dependencies": {
        "jwt-decode": "3.1.2"
      }
    },
    "node_modules/@descope/web-js-sdk": {
      "version": "1.13.1",
      "resolved": "https://registry.npmjs.org/@descope/web-js-sdk/-/web-js-sdk-1.13.1.tgz",
      "integrity": "sha512-mkPydo0h9FIJB1mcOe6r2ZViVroj6BuAlXaq2oou3ShPUkr1W6mE1NQbciWhjoq/p2iAj6cx/lEt9PwEUk/DkQ==",
      "license": "MIT",
      "dependencies": {
        "@descope/core-js-sdk": "2.20.0",
        "@fingerprintjs/fingerprintjs-pro": "3.9.6",
        "js-cookie": "3.0.5",
        "jwt-decode": "3.1.2",
        "tslib": "2.6.2"
      }
    },
    "node_modules/@fingerprintjs/fingerprintjs-pro": {
      "version": "3.9.6",
      "resolved": "https://registry.npmjs.org/@fingerprintjs/fingerprintjs-pro/-/fingerprintjs-pro-3.9.6.tgz",
      "integrity": "sha512-aToaAS9Qp9pW5YJjP6vauBFcmFxQNF94WwmbVF4GYXDLD+HSGaeQNmCK/bXvrD9pLnH5xJOjT+TYeZPiz0T+Lg==",
      "license": "SEE LICENSE IN LICENSE",
      "dependencies": {
        "tslib": "^2.4.1"
      }
    },
    "node_modules/@popperjs/core": {
      "version": "2.11.8",
      "resolved": "https://registry.npmjs.org/@popperjs/core/-/core-2.11.8.tgz",
      "integrity": "sha512-P1st0aksCrn9sGZhp8GMYwBnQsbvAWsZAX44oXNNvLHGqAOcoVxmjZiohstwQ7SqKnbR47akdNi+uleWD8+g6A==",
      "license": "MIT",
      "peer": true,
      "funding": {
        "type": "opencollective",
        "url": "https://opencollective.com/popperjs"
      }
    },
    "node_modules/bootstrap": {
      "version": "5.3.3",
      "resolved": "https://registry.npmjs.org/bootstrap/-/bootstrap-5.3.3.tgz",
      "integrity": "sha512-8HLCdWgyoMguSO9o+aH+iuZ+aht+mzW0u3HIMzVu7Srrpv7EBBxTnrFlSCskwdY1+EOFQSm7uMJhNQHkdPcmjg==",
      "funding": [
        {
          "type": "github",
          "url": "https://github.com/sponsors/twbs"
        },
        {
          "type": "opencollective",
          "url": "https://opencollective.com/bootstrap"
        }
      ],
      "license": "MIT",
      "peerDependencies": {
        "@popperjs/core": "^2.11.8"
      }
    },
    "node_modules/js-cookie": {
      "version": "3.0.5",
      "resolved": "https://registry.npmjs.org/js-cookie/-/js-cookie-3.0.5.tgz",
      "integrity": "sha512-cEiJEAEoIbWfCZYKWhVwFuvPX1gETRYPw6LlaTKoxD3s2AkXzkCjnp6h0V77ozyqj0jakteJ4YqDJT830+lVGw==",
      "license": "MIT",
      "engines": {
        "node": ">=14"
      }
    },
    "node_modules/jwt-decode": {
      "version": "3.1.2",
      "resolved": "https://registry.npmjs.org/jwt-decode/-/jwt-decode-3.1.2.tgz",
      "integrity": "sha512-UfpWE/VZn0iP50d8cz9NrZLM9lSWhcJ+0Gt/nm4by88UL+J1SiKN8/5dkjMmbEzwL2CAe+67GsegCbIKtbp75A==",
      "license": "MIT"
    },
    "node_modules/tslib": {
      "version": "2.6.2",
      "resolved": "https://registry.npmjs.org/tslib/-/tslib-2.6.2.tgz",
      "integrity": "sha512-AEYxH93jGFPn/a2iVAwW87VuUIkR1FVUKB77NwMF7nBTDkDrrT/Hpt/IrCJ0QXhW27jTBDcf5ZY7w6RiqTMw2Q==",
      "license": "0BSD"
    }
  }
}
